{
  "nodes": {
    "brew-src": {
      "flake": false,
      "locked": {
        "lastModified": 1753461463,
        "narHash": "sha256-kGc7pRH0diLzKmOHsEFA8sZ9NJpgT+tqxAMsuqNd5Po=",
        "owner": "Homebrew",
        "repo": "brew",
        "rev": "4d14be89e99a45181c18e96a5f19a5b43343cc0f",
        "type": "github"
      },
      "original": {
        "owner": "Homebrew",
        "ref": "4.5.13",
        "repo": "brew",
        "type": "github"
      }
    },
    "homebrew-bundle": {
      "flake": false,
      "locked": {
        "lastModified": 1745335228,
        "narHash": "sha256-TIKR2UgtyUmHLNZp255/vLs+1I10hXe+sciMEbAGFwE=",
        "owner": "homebrew",
        "repo": "homebrew-bundle",
        "rev": "a3265c84b232e13048ecbf6fc18a2eedfadbeb08",
        "type": "github"
      },
      "original": {
        "owner": "homebrew",
        "repo": "homebrew-bundle",
        "type": "github"
      }
    },
    "homebrew-cask": {
      "flake": false,
      "locked": {
        "lastModified": 1756313858,
        "narHash": "sha256-+1XWLqTI72wsGHPQoQESOzFd9GXFzBTIwFpeRzmjRA8=",
        "owner": "homebrew",
        "repo": "homebrew-cask",
        "rev": "bd72290857165cf04632e91b4157f3db3369bb5c",
        "type": "github"
      },
      "original": {
        "owner": "homebrew",
        "repo": "homebrew-cask",
        "type": "github"
      }
    },
    "homebrew-core": {
      "flake": false,
      "locked": {
        "lastModified": 1756310791,
        "narHash": "sha256-BcHIkVhIW3Iwnobo9I2hRIWvrfsOdUXRgyzBkzBM4Bo=",
        "owner": "homebrew",
        "repo": "homebrew-core",
        "rev": "647bd1c01c6f39ff2d9423aa58a83df08d335ad3",
        "type": "github"
      },
      "original": {
        "owner": "homebrew",
        "repo": "homebrew-core",
        "type": "github"
      }
    },
    "homebrew-devnullvoid": {
      "flake": false,
      "locked": {
        "lastModified": 1761285208,
        "narHash": "sha256-wEnpJKJcBJUF8GzsxoDcLpqTPaESnasIxWuOSav+rsc=",
        "owner": "devnullvoid",
        "repo": "homebrew-pvetui",
        "rev": "16361194a358b7563d66abbf8c31746d4049a713",
        "type": "github"
      },
      "original": {
        "owner": "devnullvoid",
        "repo": "homebrew-pvetui",
        "type": "github"
      }
    },
    "homebrew-dustinblackman": {
      "flake": false,
      "locked": {
        "lastModified": 1710555187,
        "narHash": "sha256-7Acx6bL1wvPmqXAXedepmGbLWUhbT8mnNiM6K8oFyNU=",
        "owner": "dustinblackman",
        "repo": "homebrew-tap",
        "rev": "c8960442650b2c8404c04ee698177686bf1ea684",
        "type": "github"
      },
      "original": {
        "owner": "dustinblackman",
        "repo": "homebrew-tap",
        "type": "github"
      }
    },
    "homebrew-services": {
      "flake": false,
      "locked": {
        "lastModified": 1742475690,
        "narHash": "sha256-qg3/+iHtnFe6VxGapisTatGnoH0XG4BnWWqwwzWYzk0=",
        "owner": "homebrew",
        "repo": "homebrew-services",
        "rev": "2c294ab9515576d961cea28c93148c6452db2def",
        "type": "github"
      },
      "original": {
        "owner": "homebrew",
        "repo": "homebrew-services",
        "type": "github"
      }
    },
    "nix-darwin": {
      "inputs": {
        "nixpkgs": [
          "nixpkgs"
        ]
      },
      "locked": {
        "lastModified": 1755825449,
        "narHash": "sha256-XkiN4NM9Xdy59h69Pc+Vg4PxkSm9EWl6u7k6D5FZ5cM=",
        "owner": "LnL7",
        "repo": "nix-darwin",
        "rev": "8df64f819698c1fee0c2969696f54a843b2231e8",
        "type": "github"
      },
      "original": {
        "owner": "LnL7",
        "repo": "nix-darwin",
        "type": "github"
      }
    },
    "nix-homebrew": {
      "inputs": {
        "brew-src": "brew-src"
      },
      "locked": {
        "lastModified": 1754250993,
        "narHash": "sha256-MEin+qoQKtFC1b0f4tnQ+Z82BQWSCgh6Ef7rpmH9gig=",
        "owner": "zhaofengli-wip",
        "repo": "nix-homebrew",
        "rev": "314d057294e79bc2596972126b84c6f9f144499a",
        "type": "github"
      },
      "original": {
        "owner": "zhaofengli-wip",
        "repo": "nix-homebrew",
        "type": "github"
      }
    },
    "nixpkgs": {
      "locked": {
        "lastModified": 1756159630,
        "narHash": "sha256-ohMvsjtSVdT/bruXf5ClBh8ZYXRmD4krmjKrXhEvwMg=",
        "owner": "NixOS",
        "repo": "nixpkgs",
        "rev": "84c256e42600cb0fdf25763b48d28df2f25a0c8b",
        "type": "github"
      },
      "original": {
        "owner": "NixOS",
        "ref": "nixpkgs-unstable",
        "repo": "nixpkgs",
        "type": "github"
      }
    },
    "root": {
      "inputs": {
        "homebrew-bundle": "homebrew-bundle",
        "homebrew-cask": "homebrew-cask",
        "homebrew-core": "homebrew-core",
        "homebrew-devnullvoid": "homebrew-devnullvoid",
        "homebrew-dustinblackman": "homebrew-dustinblackman",
        "homebrew-services": "homebrew-services",
        "nix-darwin": "nix-darwin",
        "nix-homebrew": "nix-homebrew",
        "nixpkgs": "nixpkgs"
      }
    }
  },
  "root": "root",
  "version": 7
}
